
Microsoft Visual Studio Solution File, Format Version 12.00
# Visual Studio 15
VisualStudioVersion = 15.0.28307.271
MinimumVisualStudioVersion = 10.0.40219.1
Project("{FAE04EC0-301F-11D3-BF4B-00C04F79EFBC}") = "newDummyFuntion", "newDummyFuntion\newDummyFuntion.csproj", "{A5EB05D6-758F-4164-A4C6-543410E673A8}"
EndProject
Global
	GlobalSection(SolutionConfigurationPlatforms) = preSolution
		Debug|Any CPU = Debug|Any CPU
		Release|Any CPU = Release|Any CPU
	EndGlobalSection
	GlobalSection(ProjectConfigurationPlatforms) = postSolution
		{A5EB05D6-758F-4164-A4C6-543410E673A8}.Debug|Any CPU.ActiveCfg = Debug|Any CPU
		{A5EB05D6-758F-4164-A4C6-543410E673A8}.Debug|Any CPU.Build.0 = Debug|Any CPU
		{A5EB05D6-758F-4164-A4C6-543410E673A8}.Release|Any CPU.ActiveCfg = Release|Any CPU
		{A5EB05D6-758F-4164-A4C6-543410E673A8}.Release|Any CPU.Build.0 = Release|Any CPU
	EndGlobalSection
	GlobalSection(SolutionProperties) = preSolution
		HideSolutionNode = FALSE
	EndGlobalSection
	GlobalSection(ExtensibilityGlobals) = postSolution
		SolutionGuid = {DCA06694-6E6D-42BF-855B-6CCD65BDCDDE}
	EndGlobalSection
EndGlobal
